// !$*UTF8*$!
{
	archiveVersion = 1;
	classes = {
	};
	objectVersion = 46;
	objects = {

/* Begin PBXBuildFile section */
		040308EA1A39833200DC7297 /* stringbuffer.cpp in Sources */ = {isa = PBXBuildFile; fileRef = 040308E81A39833200DC7297 /* stringbuffer.cpp */; };
		040308F01A3A04EB00DC7297 /* characterreader.cpp in Sources */ = {isa = PBXBuildFile; fileRef = 040308EE1A3A04EB00DC7297 /* characterreader.cpp */; };
		040308F31A3AA94400DC7297 /* token.cpp in Sources */ = {isa = PBXBuildFile; fileRef = 040308F11A3AA94400DC7297 /* token.cpp */; };
		040308F71A3B2BDD00DC7297 /* parseerror.cpp in Sources */ = {isa = PBXBuildFile; fileRef = 040308F51A3B2BDD00DC7297 /* parseerror.cpp */; };
		040308FA1A3B2E8800DC7297 /* parseerrorlist.cpp in Sources */ = {isa = PBXBuildFile; fileRef = 040308F81A3B2E8800DC7297 /* parseerrorlist.cpp */; };
		040308FD1A3C5D2E00DC7297 /* tokeniser.cpp in Sources */ = {isa = PBXBuildFile; fileRef = 040308FB1A3C5D2E00DC7297 /* tokeniser.cpp */; };
		040309001A3C5D4400DC7297 /* tokeniserstate.cpp in Sources */ = {isa = PBXBuildFile; fileRef = 040308FE1A3C5D4400DC7297 /* tokeniserstate.cpp */; };
		040309041A3CA36200DC7297 /* entities.cpp in Sources */ = {isa = PBXBuildFile; fileRef = 040309031A3CA36200DC7297 /* entities.cpp */; };
		042A62491A3EF520006E8B43 /* treebuilder.cpp in Sources */ = {isa = PBXBuildFile; fileRef = 042A62471A3EF51F006E8B43 /* treebuilder.cpp */; };
		042A624C1A3EF53C006E8B43 /* htmltreebuilder.cpp in Sources */ = {isa = PBXBuildFile; fileRef = 042A624A1A3EF53C006E8B43 /* htmltreebuilder.cpp */; };
		042A624F1A3EF555006E8B43 /* parser.cpp in Sources */ = {isa = PBXBuildFile; fileRef = 042A624D1A3EF555006E8B43 /* parser.cpp */; };
		042A62521A3EF572006E8B43 /* queue.cpp in Sources */ = {isa = PBXBuildFile; fileRef = 042A62501A3EF572006E8B43 /* queue.cpp */; };
		042A62541A3F0822006E8B43 /* list_test.cpp in Sources */ = {isa = PBXBuildFile; fileRef = 042A62531A3F0822006E8B43 /* list_test.cpp */; };
		042A62561A3F1A9D006E8B43 /* document.cpp in Sources */ = {isa = PBXBuildFile; fileRef = 042A62551A3F1A9D006E8B43 /* document.cpp */; };
		042A62591A3F330C006E8B43 /* htmltreebuilderstate.cpp in Sources */ = {isa = PBXBuildFile; fileRef = 042A62571A3F330C006E8B43 /* htmltreebuilderstate.cpp */; };
		045630391A2CCFCC008D89A6 /* attribute.cpp in Sources */ = {isa = PBXBuildFile; fileRef = 045630371A2CCFCC008D89A6 /* attribute.cpp */; };
		045630801A30039E008D89A6 /* Allocators.cpp in Sources */ = {isa = PBXBuildFile; fileRef = 0456307F1A30039E008D89A6 /* Allocators.cpp */; };
		045630821A30245C008D89A6 /* strfunc.cpp in Sources */ = {isa = PBXBuildFile; fileRef = 045630811A30245C008D89A6 /* strfunc.cpp */; };
		045630841A3042EF008D89A6 /* csoup_string.cpp in Sources */ = {isa = PBXBuildFile; fileRef = 045630831A3042EF008D89A6 /* csoup_string.cpp */; };
		045630AD1A32E2DD008D89A6 /* gtest-death-test.cc in Sources */ = {isa = PBXBuildFile; fileRef = 045630A31A32E2DD008D89A6 /* gtest-death-test.cc */; };
		045630AE1A32E2DD008D89A6 /* gtest-filepath.cc in Sources */ = {isa = PBXBuildFile; fileRef = 045630A41A32E2DD008D89A6 /* gtest-filepath.cc */; };
		045630AF1A32E2DD008D89A6 /* gtest-port.cc in Sources */ = {isa = PBXBuildFile; fileRef = 045630A61A32E2DD008D89A6 /* gtest-port.cc */; };
		045630B01A32E2DD008D89A6 /* gtest-printers.cc in Sources */ = {isa = PBXBuildFile; fileRef = 045630A71A32E2DD008D89A6 /* gtest-printers.cc */; };
		045630B11A32E2DD008D89A6 /* gtest-test-part.cc in Sources */ = {isa = PBXBuildFile; fileRef = 045630A81A32E2DD008D89A6 /* gtest-test-part.cc */; };
		045630B21A32E2DD008D89A6 /* gtest-typed-test.cc in Sources */ = {isa = PBXBuildFile; fileRef = 045630A91A32E2DD008D89A6 /* gtest-typed-test.cc */; };
		045630B31A32E2DD008D89A6 /* gtest.cc in Sources */ = {isa = PBXBuildFile; fileRef = 045630AA1A32E2DD008D89A6 /* gtest.cc */; };
		045630B41A32E2DD008D89A6 /* gtest_main.cc in Sources */ = {isa = PBXBuildFile; fileRef = 045630AB1A32E2DD008D89A6 /* gtest_main.cc */; };
		045630BA1A340026008D89A6 /* csoup_string_test.cpp in Sources */ = {isa = PBXBuildFile; fileRef = 045630B91A340026008D89A6 /* csoup_string_test.cpp */; };
		048659381A35CAB100B73500 /* attribute_test.cpp in Sources */ = {isa = PBXBuildFile; fileRef = 048659371A35CAB100B73500 /* attribute_test.cpp */; };
		0486593A1A35DFE700B73500 /* attributes_test.cpp in Sources */ = {isa = PBXBuildFile; fileRef = 048659391A35DFE700B73500 /* attributes_test.cpp */; };
		0486593C1A35E41A00B73500 /* vector_test.cpp in Sources */ = {isa = PBXBuildFile; fileRef = 0486593B1A35E41A00B73500 /* vector_test.cpp */; };
		048659421A3745F500B73500 /* tag.cpp in Sources */ = {isa = PBXBuildFile; fileRef = 048659411A3745F500B73500 /* tag.cpp */; };
		048659451A37E06A00B73500 /* element_test.cpp in Sources */ = {isa = PBXBuildFile; fileRef = 048659441A37E06A00B73500 /* element_test.cpp */; };
		048659481A387D0C00B73500 /* datanode_test.cpp in Sources */ = {isa = PBXBuildFile; fileRef = 048659471A387D0C00B73500 /* datanode_test.cpp */; };
		0486594C1A3889CA00B73500 /* comment_test.cpp in Sources */ = {isa = PBXBuildFile; fileRef = 0486594B1A3889CA00B73500 /* comment_test.cpp */; };
		0486594F1A388A0F00B73500 /* document_test.cpp in Sources */ = {isa = PBXBuildFile; fileRef = 0486594D1A388A0F00B73500 /* document_test.cpp */; };
		048659501A388A0F00B73500 /* textnode_test.cpp in Sources */ = {isa = PBXBuildFile; fileRef = 0486594E1A388A0F00B73500 /* textnode_test.cpp */; };
		04D760BE1A408B8C008CBE9E /* stringutil.cpp in Sources */ = {isa = PBXBuildFile; fileRef = 04D760BC1A408B8C008CBE9E /* stringutil.cpp */; };
		04D760C01A415420008CBE9E /* node.cpp in Sources */ = {isa = PBXBuildFile; fileRef = 04D760BF1A415420008CBE9E /* node.cpp */; };
/* End PBXBuildFile section */

/* Begin PBXCopyFilesBuildPhase section */
		049998191A28CC9D00DCA5BF /* CopyFiles */ = {
			isa = PBXCopyFilesBuildPhase;
			buildActionMask = 2147483647;
			dstPath = /usr/share/man/man1/;
			dstSubfolderSpec = 0;
			files = (
			);
			runOnlyForDeploymentPostprocessing = 1;
		};
/* End PBXCopyFilesBuildPhase section */

/* Begin PBXFileReference section */
		040308E81A39833200DC7297 /* stringbuffer.cpp */ = {isa = PBXFileReference; fileEncoding = 4; lastKnownFileType = sourcecode.cpp.cpp; path = stringbuffer.cpp; sourceTree = "<group>"; };
		040308E91A39833200DC7297 /* stringbuffer.h */ = {isa = PBXFileReference; fileEncoding = 4; lastKnownFileType = sourcecode.c.h; path = stringbuffer.h; sourceTree = "<group>"; };
		040308EE1A3A04EB00DC7297 /* characterreader.cpp */ = {isa = PBXFileReference; fileEncoding = 4; lastKnownFileType = sourcecode.cpp.cpp; path = characterreader.cpp; sourceTree = "<group>"; };
		040308EF1A3A04EB00DC7297 /* characterreader.h */ = {isa = PBXFileReference; fileEncoding = 4; lastKnownFileType = sourcecode.c.h; path = characterreader.h; sourceTree = "<group>"; };
		040308F11A3AA94400DC7297 /* token.cpp */ = {isa = PBXFileReference; fileEncoding = 4; lastKnownFileType = sourcecode.cpp.cpp; path = token.cpp; sourceTree = "<group>"; };
		040308F21A3AA94400DC7297 /* token.h */ = {isa = PBXFileReference; fileEncoding = 4; lastKnownFileType = sourcecode.c.h; path = token.h; sourceTree = "<group>"; };
		040308F41A3ADD2300DC7297 /* util.h */ = {isa = PBXFileReference; lastKnownFileType = sourcecode.c.h; path = util.h; sourceTree = "<group>"; };
		040308F51A3B2BDD00DC7297 /* parseerror.cpp */ = {isa = PBXFileReference; fileEncoding = 4; lastKnownFileType = sourcecode.cpp.cpp; path = parseerror.cpp; sourceTree = "<group>"; };
		040308F61A3B2BDD00DC7297 /* parseerror.h */ = {isa = PBXFileReference; fileEncoding = 4; lastKnownFileType = sourcecode.c.h; path = parseerror.h; sourceTree = "<group>"; };
		040308F81A3B2E8800DC7297 /* parseerrorlist.cpp */ = {isa = PBXFileReference; fileEncoding = 4; lastKnownFileType = sourcecode.cpp.cpp; path = parseerrorlist.cpp; sourceTree = "<group>"; };
		040308F91A3B2E8800DC7297 /* parseerrorlist.h */ = {isa = PBXFileReference; fileEncoding = 4; lastKnownFileType = sourcecode.c.h; path = parseerrorlist.h; sourceTree = "<group>"; };
		040308FB1A3C5D2E00DC7297 /* tokeniser.cpp */ = {isa = PBXFileReference; fileEncoding = 4; lastKnownFileType = sourcecode.cpp.cpp; path = tokeniser.cpp; sourceTree = "<group>"; };
		040308FC1A3C5D2E00DC7297 /* tokeniser.h */ = {isa = PBXFileReference; fileEncoding = 4; lastKnownFileType = sourcecode.c.h; path = tokeniser.h; sourceTree = "<group>"; };
		040308FE1A3C5D4400DC7297 /* tokeniserstate.cpp */ = {isa = PBXFileReference; fileEncoding = 4; lastKnownFileType = sourcecode.cpp.cpp; path = tokeniserstate.cpp; sourceTree = "<group>"; };
		040308FF1A3C5D4400DC7297 /* tokeniserstate.h */ = {isa = PBXFileReference; fileEncoding = 4; lastKnownFileType = sourcecode.c.h; path = tokeniserstate.h; sourceTree = "<group>"; };
		040309031A3CA36200DC7297 /* entities.cpp */ = {isa = PBXFileReference; fileEncoding = 4; lastKnownFileType = sourcecode.cpp.cpp; path = entities.cpp; sourceTree = "<group>"; };
		042A62471A3EF51F006E8B43 /* treebuilder.cpp */ = {isa = PBXFileReference; fileEncoding = 4; lastKnownFileType = sourcecode.cpp.cpp; path = treebuilder.cpp; sourceTree = "<group>"; };
		042A62481A3EF51F006E8B43 /* treebuilder.h */ = {isa = PBXFileReference; fileEncoding = 4; lastKnownFileType = sourcecode.c.h; path = treebuilder.h; sourceTree = "<group>"; };
		042A624A1A3EF53C006E8B43 /* htmltreebuilder.cpp */ = {isa = PBXFileReference; fileEncoding = 4; lastKnownFileType = sourcecode.cpp.cpp; path = htmltreebuilder.cpp; sourceTree = "<group>"; };
		042A624B1A3EF53C006E8B43 /* htmltreebuilder.h */ = {isa = PBXFileReference; fileEncoding = 4; lastKnownFileType = sourcecode.c.h; path = htmltreebuilder.h; sourceTree = "<group>"; };
		042A624D1A3EF555006E8B43 /* parser.cpp */ = {isa = PBXFileReference; fileEncoding = 4; lastKnownFileType = sourcecode.cpp.cpp; path = parser.cpp; sourceTree = "<group>"; };
		042A624E1A3EF555006E8B43 /* parser.h */ = {isa = PBXFileReference; fileEncoding = 4; lastKnownFileType = sourcecode.c.h; path = parser.h; sourceTree = "<group>"; };
		042A62501A3EF572006E8B43 /* queue.cpp */ = {isa = PBXFileReference; fileEncoding = 4; lastKnownFileType = sourcecode.cpp.cpp; path = queue.cpp; sourceTree = "<group>"; };
		042A62511A3EF572006E8B43 /* queue.h */ = {isa = PBXFileReference; fileEncoding = 4; lastKnownFileType = sourcecode.c.h; path = queue.h; sourceTree = "<group>"; };
		042A62531A3F0822006E8B43 /* list_test.cpp */ = {isa = PBXFileReference; fileEncoding = 4; lastKnownFileType = sourcecode.cpp.cpp; path = list_test.cpp; sourceTree = "<group>"; };
		042A62551A3F1A9D006E8B43 /* document.cpp */ = {isa = PBXFileReference; fileEncoding = 4; lastKnownFileType = sourcecode.cpp.cpp; path = document.cpp; sourceTree = "<group>"; };
		042A62571A3F330C006E8B43 /* htmltreebuilderstate.cpp */ = {isa = PBXFileReference; fileEncoding = 4; lastKnownFileType = sourcecode.cpp.cpp; path = htmltreebuilderstate.cpp; sourceTree = "<group>"; };
		042A62581A3F330C006E8B43 /* htmltreebuilderstate.h */ = {isa = PBXFileReference; fileEncoding = 4; lastKnownFileType = sourcecode.c.h; path = htmltreebuilderstate.h; sourceTree = "<group>"; };
		045630371A2CCFCC008D89A6 /* attribute.cpp */ = {isa = PBXFileReference; fileEncoding = 4; lastKnownFileType = sourcecode.cpp.cpp; path = attribute.cpp; sourceTree = "<group>"; };
		045630381A2CCFCC008D89A6 /* attribute.h */ = {isa = PBXFileReference; fileEncoding = 4; lastKnownFileType = sourcecode.c.h; path = attribute.h; sourceTree = "<group>"; };
		0456303A1A2E29AB008D89A6 /* csoup_string.h */ = {isa = PBXFileReference; fileEncoding = 4; lastKnownFileType = sourcecode.c.h; path = csoup_string.h; sourceTree = "<group>"; };
		0456303B1A2EA117008D89A6 /* deepcopy.h */ = {isa = PBXFileReference; fileEncoding = 4; lastKnownFileType = sourcecode.c.h; path = deepcopy.h; sourceTree = "<group>"; };
		0456303C1A2F526B008D89A6 /* comment.h */ = {isa = PBXFileReference; fileEncoding = 4; lastKnownFileType = sourcecode.c.h; path = comment.h; sourceTree = "<group>"; };
		0456303D1A2F526B008D89A6 /* datanode.h */ = {isa = PBXFileReference; fileEncoding = 4; lastKnownFileType = sourcecode.c.h; path = datanode.h; sourceTree = "<group>"; };
		0456303E1A2F526B008D89A6 /* document.h */ = {isa = PBXFileReference; fileEncoding = 4; lastKnownFileType = sourcecode.c.h; path = document.h; sourceTree = "<group>"; };
		0456303F1A2F526B008D89A6 /* documenttype.h */ = {isa = PBXFileReference; fileEncoding = 4; lastKnownFileType = sourcecode.c.h; path = documenttype.h; sourceTree = "<group>"; };
		045630401A2F526B008D89A6 /* element.h */ = {isa = PBXFileReference; fileEncoding = 4; lastKnownFileType = sourcecode.c.h; path = element.h; sourceTree = "<group>"; };
		045630411A2F526B008D89A6 /* entities.h */ = {isa = PBXFileReference; fileEncoding = 4; lastKnownFileType = sourcecode.c.h; path = entities.h; sourceTree = "<group>"; };
		045630421A2F526B008D89A6 /* formelement.h */ = {isa = PBXFileReference; fileEncoding = 4; lastKnownFileType = sourcecode.c.h; path = formelement.h; sourceTree = "<group>"; };
		045630441A2F526B008D89A6 /* textnode.h */ = {isa = PBXFileReference; fileEncoding = 4; lastKnownFileType = sourcecode.c.h; path = textnode.h; sourceTree = "<group>"; };
		045630451A2F526B008D89A6 /* xmldeclaration.h */ = {isa = PBXFileReference; fileEncoding = 4; lastKnownFileType = sourcecode.c.h; path = xmldeclaration.h; sourceTree = "<group>"; };
		045630461A2F585B008D89A6 /* attributes.h */ = {isa = PBXFileReference; fileEncoding = 4; lastKnownFileType = sourcecode.c.h; path = attributes.h; sourceTree = "<group>"; };
		045630471A2F5BF4008D89A6 /* list.h */ = {isa = PBXFileReference; fileEncoding = 4; lastKnownFileType = sourcecode.c.h; path = list.h; sourceTree = "<group>"; };
		0456307F1A30039E008D89A6 /* Allocators.cpp */ = {isa = PBXFileReference; fileEncoding = 4; lastKnownFileType = sourcecode.cpp.cpp; path = Allocators.cpp; sourceTree = "<group>"; };
		045630811A30245C008D89A6 /* strfunc.cpp */ = {isa = PBXFileReference; fileEncoding = 4; lastKnownFileType = sourcecode.cpp.cpp; path = strfunc.cpp; sourceTree = "<group>"; };
		045630831A3042EF008D89A6 /* csoup_string.cpp */ = {isa = PBXFileReference; fileEncoding = 4; lastKnownFileType = sourcecode.cpp.cpp; path = csoup_string.cpp; sourceTree = "<group>"; };
		045630881A32E2DD008D89A6 /* gtest-death-test.h */ = {isa = PBXFileReference; fileEncoding = 4; lastKnownFileType = sourcecode.c.h; path = "gtest-death-test.h"; sourceTree = "<group>"; };
		045630891A32E2DD008D89A6 /* gtest-message.h */ = {isa = PBXFileReference; fileEncoding = 4; lastKnownFileType = sourcecode.c.h; path = "gtest-message.h"; sourceTree = "<group>"; };
		0456308A1A32E2DD008D89A6 /* gtest-param-test.h */ = {isa = PBXFileReference; fileEncoding = 4; lastKnownFileType = sourcecode.c.h; path = "gtest-param-test.h"; sourceTree = "<group>"; };
		0456308B1A32E2DD008D89A6 /* gtest-param-test.h.pump */ = {isa = PBXFileReference; fileEncoding = 4; lastKnownFileType = text; path = "gtest-param-test.h.pump"; sourceTree = "<group>"; };
		0456308C1A32E2DD008D89A6 /* gtest-printers.h */ = {isa = PBXFileReference; fileEncoding = 4; lastKnownFileType = sourcecode.c.h; path = "gtest-printers.h"; sourceTree = "<group>"; };
		0456308D1A32E2DD008D89A6 /* gtest-spi.h */ = {isa = PBXFileReference; fileEncoding = 4; lastKnownFileType = sourcecode.c.h; path = "gtest-spi.h"; sourceTree = "<group>"; };
		0456308E1A32E2DD008D89A6 /* gtest-test-part.h */ = {isa = PBXFileReference; fileEncoding = 4; lastKnownFileType = sourcecode.c.h; path = "gtest-test-part.h"; sourceTree = "<group>"; };
		0456308F1A32E2DD008D89A6 /* gtest-typed-test.h */ = {isa = PBXFileReference; fileEncoding = 4; lastKnownFileType = sourcecode.c.h; path = "gtest-typed-test.h"; sourceTree = "<group>"; };
		045630901A32E2DD008D89A6 /* gtest.h */ = {isa = PBXFileReference; fileEncoding = 4; lastKnownFileType = sourcecode.c.h; path = gtest.h; sourceTree = "<group>"; };
		045630911A32E2DD008D89A6 /* gtest_pred_impl.h */ = {isa = PBXFileReference; fileEncoding = 4; lastKnownFileType = sourcecode.c.h; path = gtest_pred_impl.h; sourceTree = "<group>"; };
		045630921A32E2DD008D89A6 /* gtest_prod.h */ = {isa = PBXFileReference; fileEncoding = 4; lastKnownFileType = sourcecode.c.h; path = gtest_prod.h; sourceTree = "<group>"; };
		045630941A32E2DD008D89A6 /* gtest-death-test-internal.h */ = {isa = PBXFileReference; fileEncoding = 4; lastKnownFileType = sourcecode.c.h; path = "gtest-death-test-internal.h"; sourceTree = "<group>"; };
		045630951A32E2DD008D89A6 /* gtest-filepath.h */ = {isa = PBXFileReference; fileEncoding = 4; lastKnownFileType = sourcecode.c.h; path = "gtest-filepath.h"; sourceTree = "<group>"; };
		045630961A32E2DD008D89A6 /* gtest-internal.h */ = {isa = PBXFileReference; fileEncoding = 4; lastKnownFileType = sourcecode.c.h; path = "gtest-internal.h"; sourceTree = "<group>"; };
		045630971A32E2DD008D89A6 /* gtest-linked_ptr.h */ = {isa = PBXFileReference; fileEncoding = 4; lastKnownFileType = sourcecode.c.h; path = "gtest-linked_ptr.h"; sourceTree = "<group>"; };
		045630981A32E2DD008D89A6 /* gtest-param-util-generated.h */ = {isa = PBXFileReference; fileEncoding = 4; lastKnownFileType = sourcecode.c.h; path = "gtest-param-util-generated.h"; sourceTree = "<group>"; };
		045630991A32E2DD008D89A6 /* gtest-param-util-generated.h.pump */ = {isa = PBXFileReference; fileEncoding = 4; lastKnownFileType = text; path = "gtest-param-util-generated.h.pump"; sourceTree = "<group>"; };
		0456309A1A32E2DD008D89A6 /* gtest-param-util.h */ = {isa = PBXFileReference; fileEncoding = 4; lastKnownFileType = sourcecode.c.h; path = "gtest-param-util.h"; sourceTree = "<group>"; };
		0456309B1A32E2DD008D89A6 /* gtest-port.h */ = {isa = PBXFileReference; fileEncoding = 4; lastKnownFileType = sourcecode.c.h; path = "gtest-port.h"; sourceTree = "<group>"; };
		0456309C1A32E2DD008D89A6 /* gtest-string.h */ = {isa = PBXFileReference; fileEncoding = 4; lastKnownFileType = sourcecode.c.h; path = "gtest-string.h"; sourceTree = "<group>"; };
		0456309D1A32E2DD008D89A6 /* gtest-tuple.h */ = {isa = PBXFileReference; fileEncoding = 4; lastKnownFileType = sourcecode.c.h; path = "gtest-tuple.h"; sourceTree = "<group>"; };
		0456309E1A32E2DD008D89A6 /* gtest-tuple.h.pump */ = {isa = PBXFileReference; fileEncoding = 4; lastKnownFileType = text; path = "gtest-tuple.h.pump"; sourceTree = "<group>"; };
		0456309F1A32E2DD008D89A6 /* gtest-type-util.h */ = {isa = PBXFileReference; fileEncoding = 4; lastKnownFileType = sourcecode.c.h; path = "gtest-type-util.h"; sourceTree = "<group>"; };
		045630A01A32E2DD008D89A6 /* gtest-type-util.h.pump */ = {isa = PBXFileReference; fileEncoding = 4; lastKnownFileType = text; path = "gtest-type-util.h.pump"; sourceTree = "<group>"; };
		045630A31A32E2DD008D89A6 /* gtest-death-test.cc */ = {isa = PBXFileReference; fileEncoding = 4; lastKnownFileType = sourcecode.cpp.cpp; path = "gtest-death-test.cc"; sourceTree = "<group>"; };
		045630A41A32E2DD008D89A6 /* gtest-filepath.cc */ = {isa = PBXFileReference; fileEncoding = 4; lastKnownFileType = sourcecode.cpp.cpp; path = "gtest-filepath.cc"; sourceTree = "<group>"; };
		045630A51A32E2DD008D89A6 /* gtest-internal-inl.h */ = {isa = PBXFileReference; fileEncoding = 4; lastKnownFileType = sourcecode.c.h; path = "gtest-internal-inl.h"; sourceTree = "<group>"; };
		045630A61A32E2DD008D89A6 /* gtest-port.cc */ = {isa = PBXFileReference; fileEncoding = 4; lastKnownFileType = sourcecode.cpp.cpp; path = "gtest-port.cc"; sourceTree = "<group>"; };
		045630A71A32E2DD008D89A6 /* gtest-printers.cc */ = {isa = PBXFileReference; fileEncoding = 4; lastKnownFileType = sourcecode.cpp.cpp; path = "gtest-printers.cc"; sourceTree = "<group>"; };
		045630A81A32E2DD008D89A6 /* gtest-test-part.cc */ = {isa = PBXFileReference; fileEncoding = 4; lastKnownFileType = sourcecode.cpp.cpp; path = "gtest-test-part.cc"; sourceTree = "<group>"; };
		045630A91A32E2DD008D89A6 /* gtest-typed-test.cc */ = {isa = PBXFileReference; fileEncoding = 4; lastKnownFileType = sourcecode.cpp.cpp; path = "gtest-typed-test.cc"; sourceTree = "<group>"; };
		045630AA1A32E2DD008D89A6 /* gtest.cc */ = {isa = PBXFileReference; fileEncoding = 4; lastKnownFileType = sourcecode.cpp.cpp; path = gtest.cc; sourceTree = "<group>"; };
		045630AB1A32E2DD008D89A6 /* gtest_main.cc */ = {isa = PBXFileReference; fileEncoding = 4; lastKnownFileType = sourcecode.cpp.cpp; path = gtest_main.cc; sourceTree = "<group>"; };
		045630B91A340026008D89A6 /* csoup_string_test.cpp */ = {isa = PBXFileReference; fileEncoding = 4; lastKnownFileType = sourcecode.cpp.cpp; path = csoup_string_test.cpp; sourceTree = "<group>"; };
		048659371A35CAB100B73500 /* attribute_test.cpp */ = {isa = PBXFileReference; fileEncoding = 4; lastKnownFileType = sourcecode.cpp.cpp; path = attribute_test.cpp; sourceTree = "<group>"; };
		048659391A35DFE700B73500 /* attributes_test.cpp */ = {isa = PBXFileReference; fileEncoding = 4; lastKnownFileType = sourcecode.cpp.cpp; path = attributes_test.cpp; sourceTree = "<group>"; };
		0486593B1A35E41A00B73500 /* vector_test.cpp */ = {isa = PBXFileReference; fileEncoding = 4; lastKnownFileType = sourcecode.cpp.cpp; path = vector_test.cpp; sourceTree = "<group>"; };
		0486593D1A35F1D400B73500 /* stringref.h */ = {isa = PBXFileReference; fileEncoding = 4; lastKnownFileType = sourcecode.c.h; path = stringref.h; sourceTree = "<group>"; };
		0486593E1A35FE0500B73500 /* meta.h */ = {isa = PBXFileReference; fileEncoding = 4; lastKnownFileType = sourcecode.c.h; path = meta.h; sourceTree = "<group>"; };
		048659401A37454C00B73500 /* tag.h */ = {isa = PBXFileReference; fileEncoding = 4; lastKnownFileType = sourcecode.c.h; path = tag.h; sourceTree = "<group>"; };
		048659411A3745F500B73500 /* tag.cpp */ = {isa = PBXFileReference; fileEncoding = 4; lastKnownFileType = sourcecode.cpp.cpp; path = tag.cpp; sourceTree = "<group>"; };
		048659431A374DD800B73500 /* nodedata.h */ = {isa = PBXFileReference; fileEncoding = 4; lastKnownFileType = sourcecode.c.h; path = nodedata.h; sourceTree = "<group>"; };
		048659441A37E06A00B73500 /* element_test.cpp */ = {isa = PBXFileReference; fileEncoding = 4; lastKnownFileType = sourcecode.cpp.cpp; path = element_test.cpp; sourceTree = "<group>"; };
		048659461A37EA3600B73500 /* node.h */ = {isa = PBXFileReference; fileEncoding = 4; lastKnownFileType = sourcecode.c.h; path = node.h; sourceTree = "<group>"; };
		048659471A387D0C00B73500 /* datanode_test.cpp */ = {isa = PBXFileReference; fileEncoding = 4; lastKnownFileType = sourcecode.cpp.cpp; path = datanode_test.cpp; sourceTree = "<group>"; };
		0486594B1A3889CA00B73500 /* comment_test.cpp */ = {isa = PBXFileReference; fileEncoding = 4; lastKnownFileType = sourcecode.cpp.cpp; path = comment_test.cpp; sourceTree = "<group>"; };
		0486594D1A388A0F00B73500 /* document_test.cpp */ = {isa = PBXFileReference; fileEncoding = 4; lastKnownFileType = sourcecode.cpp.cpp; path = document_test.cpp; sourceTree = "<group>"; };
		0486594E1A388A0F00B73500 /* textnode_test.cpp */ = {isa = PBXFileReference; fileEncoding = 4; lastKnownFileType = sourcecode.cpp.cpp; path = textnode_test.cpp; sourceTree = "<group>"; };
		0499981B1A28CC9D00DCA5BF /* csoup */ = {isa = PBXFileReference; explicitFileType = "compiled.mach-o.executable"; includeInIndex = 0; path = csoup; sourceTree = BUILT_PRODUCTS_DIR; };
		0499982A1A28CD2F00DCA5BF /* strfunc.h */ = {isa = PBXFileReference; fileEncoding = 4; lastKnownFileType = sourcecode.c.h; path = strfunc.h; sourceTree = "<group>"; };
		0499982F1A28CD2F00DCA5BF /* allocators.h */ = {isa = PBXFileReference; fileEncoding = 4; lastKnownFileType = sourcecode.c.h; path = allocators.h; sourceTree = "<group>"; };
		049998301A28CD2F00DCA5BF /* common.h */ = {isa = PBXFileReference; fileEncoding = 4; lastKnownFileType = sourcecode.c.h; path = common.h; sourceTree = "<group>"; };
		049998311A28CD2F00DCA5BF /* encodings.h */ = {isa = PBXFileReference; fileEncoding = 4; lastKnownFileType = sourcecode.c.h; path = encodings.h; sourceTree = "<group>"; };
		049998331A28CD2F00DCA5BF /* stringstream.h */ = {isa = PBXFileReference; fileEncoding = 4; lastKnownFileType = sourcecode.c.h; path = stringstream.h; sourceTree = "<group>"; };
		049998371A28D25D00DCA5BF /* stack.h */ = {isa = PBXFileReference; fileEncoding = 4; lastKnownFileType = sourcecode.c.h; path = stack.h; sourceTree = "<group>"; };
		049998381A2B6A0100DCA5BF /* vector.h */ = {isa = PBXFileReference; fileEncoding = 4; lastKnownFileType = sourcecode.c.h; path = vector.h; sourceTree = "<group>"; };
		0499983B1A2C115100DCA5BF /* error.h */ = {isa = PBXFileReference; fileEncoding = 4; lastKnownFileType = sourcecode.c.h; path = error.h; sourceTree = "<group>"; };
		04D760BC1A408B8C008CBE9E /* stringutil.cpp */ = {isa = PBXFileReference; fileEncoding = 4; lastKnownFileType = sourcecode.cpp.cpp; path = stringutil.cpp; sourceTree = "<group>"; };
		04D760BD1A408B8C008CBE9E /* stringutil.h */ = {isa = PBXFileReference; fileEncoding = 4; lastKnownFileType = sourcecode.c.h; path = stringutil.h; sourceTree = "<group>"; };
		04D760BF1A415420008CBE9E /* node.cpp */ = {isa = PBXFileReference; fileEncoding = 4; lastKnownFileType = sourcecode.cpp.cpp; path = node.cpp; sourceTree = "<group>"; };
/* End PBXFileReference section */

/* Begin PBXFrameworksBuildPhase section */
		049998181A28CC9D00DCA5BF /* Frameworks */ = {
			isa = PBXFrameworksBuildPhase;
			buildActionMask = 2147483647;
			files = (
			);
			runOnlyForDeploymentPostprocessing = 0;
		};
/* End PBXFrameworksBuildPhase section */

/* Begin PBXGroup section */
		045630851A32E2DD008D89A6 /* third_party */ = {
			isa = PBXGroup;
			children = (
				045630861A32E2DD008D89A6 /* gtest */,
			);
			path = third_party;
			sourceTree = "<group>";
		};
		045630861A32E2DD008D89A6 /* gtest */ = {
			isa = PBXGroup;
			children = (
				045630871A32E2DD008D89A6 /* gtest */,
				045630A11A32E2DD008D89A6 /* src */,
			);
			path = gtest;
			sourceTree = "<group>";
		};
		045630871A32E2DD008D89A6 /* gtest */ = {
			isa = PBXGroup;
			children = (
				045630881A32E2DD008D89A6 /* gtest-death-test.h */,
				045630891A32E2DD008D89A6 /* gtest-message.h */,
				0456308A1A32E2DD008D89A6 /* gtest-param-test.h */,
				0456308B1A32E2DD008D89A6 /* gtest-param-test.h.pump */,
				0456308C1A32E2DD008D89A6 /* gtest-printers.h */,
				0456308D1A32E2DD008D89A6 /* gtest-spi.h */,
				0456308E1A32E2DD008D89A6 /* gtest-test-part.h */,
				0456308F1A32E2DD008D89A6 /* gtest-typed-test.h */,
				045630901A32E2DD008D89A6 /* gtest.h */,
				045630911A32E2DD008D89A6 /* gtest_pred_impl.h */,
				045630921A32E2DD008D89A6 /* gtest_prod.h */,
				045630931A32E2DD008D89A6 /* internal */,
			);
			path = gtest;
			sourceTree = "<group>";
		};
		045630931A32E2DD008D89A6 /* internal */ = {
			isa = PBXGroup;
			children = (
				045630941A32E2DD008D89A6 /* gtest-death-test-internal.h */,
				045630951A32E2DD008D89A6 /* gtest-filepath.h */,
				045630961A32E2DD008D89A6 /* gtest-internal.h */,
				045630971A32E2DD008D89A6 /* gtest-linked_ptr.h */,
				045630981A32E2DD008D89A6 /* gtest-param-util-generated.h */,
				045630991A32E2DD008D89A6 /* gtest-param-util-generated.h.pump */,
				0456309A1A32E2DD008D89A6 /* gtest-param-util.h */,
				0456309B1A32E2DD008D89A6 /* gtest-port.h */,
				0456309C1A32E2DD008D89A6 /* gtest-string.h */,
				0456309D1A32E2DD008D89A6 /* gtest-tuple.h */,
				0456309E1A32E2DD008D89A6 /* gtest-tuple.h.pump */,
				0456309F1A32E2DD008D89A6 /* gtest-type-util.h */,
				045630A01A32E2DD008D89A6 /* gtest-type-util.h.pump */,
			);
			path = internal;
			sourceTree = "<group>";
		};
		045630A11A32E2DD008D89A6 /* src */ = {
			isa = PBXGroup;
			children = (
				045630A31A32E2DD008D89A6 /* gtest-death-test.cc */,
				045630A41A32E2DD008D89A6 /* gtest-filepath.cc */,
				045630A51A32E2DD008D89A6 /* gtest-internal-inl.h */,
				045630A61A32E2DD008D89A6 /* gtest-port.cc */,
				045630A71A32E2DD008D89A6 /* gtest-printers.cc */,
				045630A81A32E2DD008D89A6 /* gtest-test-part.cc */,
				045630A91A32E2DD008D89A6 /* gtest-typed-test.cc */,
				045630AA1A32E2DD008D89A6 /* gtest.cc */,
				045630AB1A32E2DD008D89A6 /* gtest_main.cc */,
			);
			path = src;
			sourceTree = "<group>";
		};
		045630B51A32E2EC008D89A6 /* test */ = {
			isa = PBXGroup;
			children = (
				045630B81A33FF02008D89A6 /* unittest */,
			);
			path = test;
			sourceTree = "<group>";
		};
		045630B81A33FF02008D89A6 /* unittest */ = {
			isa = PBXGroup;
			children = (
				0486594D1A388A0F00B73500 /* document_test.cpp */,
				042A62531A3F0822006E8B43 /* list_test.cpp */,
				0486594E1A388A0F00B73500 /* textnode_test.cpp */,
				0486594B1A3889CA00B73500 /* comment_test.cpp */,
				048659441A37E06A00B73500 /* element_test.cpp */,
				0486593B1A35E41A00B73500 /* vector_test.cpp */,
				048659391A35DFE700B73500 /* attributes_test.cpp */,
				048659371A35CAB100B73500 /* attribute_test.cpp */,
				045630B91A340026008D89A6 /* csoup_string_test.cpp */,
				048659471A387D0C00B73500 /* datanode_test.cpp */,
			);
			path = unittest;
			sourceTree = "<group>";
		};
		049998121A28CC9D00DCA5BF = {
			isa = PBXGroup;
			children = (
				045630B51A32E2EC008D89A6 /* test */,
				045630851A32E2DD008D89A6 /* third_party */,
				049998251A28CD2F00DCA5BF /* src */,
				0499981C1A28CC9D00DCA5BF /* Products */,
			);
			sourceTree = "<group>";
		};
		0499981C1A28CC9D00DCA5BF /* Products */ = {
			isa = PBXGroup;
			children = (
				0499981B1A28CC9D00DCA5BF /* csoup */,
			);
			name = Products;
			sourceTree = "<group>";
		};
		049998251A28CD2F00DCA5BF /* src */ = {
			isa = PBXGroup;
			children = (
				049998261A28CD2F00DCA5BF /* example */,
				049998281A28CD2F00DCA5BF /* internal */,
				0499982B1A28CD2F00DCA5BF /* nodes */,
				0499982C1A28CD2F00DCA5BF /* parser */,
				0499982D1A28CD2F00DCA5BF /* selector */,
				0499982E1A28CD2F00DCA5BF /* util */,
			);
			path = src;
			sourceTree = "<group>";
		};
		049998261A28CD2F00DCA5BF /* example */ = {
			isa = PBXGroup;
			children = (
			);
			path = example;
			sourceTree = "<group>";
		};
		049998281A28CD2F00DCA5BF /* internal */ = {
			isa = PBXGroup;
			children = (
				048659431A374DD800B73500 /* nodedata.h */,
				0486593E1A35FE0500B73500 /* meta.h */,
				045630811A30245C008D89A6 /* strfunc.cpp */,
				045630471A2F5BF4008D89A6 /* list.h */,
				0456303B1A2EA117008D89A6 /* deepcopy.h */,
				049998381A2B6A0100DCA5BF /* vector.h */,
				049998371A28D25D00DCA5BF /* stack.h */,
				0499982A1A28CD2F00DCA5BF /* strfunc.h */,
				042A62501A3EF572006E8B43 /* queue.cpp */,
				042A62511A3EF572006E8B43 /* queue.h */,
			);
			path = internal;
			sourceTree = "<group>";
		};
		0499982B1A28CD2F00DCA5BF /* nodes */ = {
			isa = PBXGroup;
			children = (
				040309031A3CA36200DC7297 /* entities.cpp */,
				048659461A37EA3600B73500 /* node.h */,
				04D760BF1A415420008CBE9E /* node.cpp */,
				048659411A3745F500B73500 /* tag.cpp */,
				048659401A37454C00B73500 /* tag.h */,
				045630461A2F585B008D89A6 /* attributes.h */,
				0456303C1A2F526B008D89A6 /* comment.h */,
				0456303D1A2F526B008D89A6 /* datanode.h */,
				0456303E1A2F526B008D89A6 /* document.h */,
				0456303F1A2F526B008D89A6 /* documenttype.h */,
				045630401A2F526B008D89A6 /* element.h */,
				045630411A2F526B008D89A6 /* entities.h */,
				045630421A2F526B008D89A6 /* formelement.h */,
				045630441A2F526B008D89A6 /* textnode.h */,
				045630451A2F526B008D89A6 /* xmldeclaration.h */,
				045630371A2CCFCC008D89A6 /* attribute.cpp */,
				045630381A2CCFCC008D89A6 /* attribute.h */,
				042A62551A3F1A9D006E8B43 /* document.cpp */,
			);
			path = nodes;
			sourceTree = "<group>";
		};
		0499982C1A28CD2F00DCA5BF /* parser */ = {
			isa = PBXGroup;
			children = (
				040308EE1A3A04EB00DC7297 /* characterreader.cpp */,
				040308EF1A3A04EB00DC7297 /* characterreader.h */,
				040308F11A3AA94400DC7297 /* token.cpp */,
				040308F21A3AA94400DC7297 /* token.h */,
				040308F51A3B2BDD00DC7297 /* parseerror.cpp */,
				040308F61A3B2BDD00DC7297 /* parseerror.h */,
				040308F81A3B2E8800DC7297 /* parseerrorlist.cpp */,
				040308F91A3B2E8800DC7297 /* parseerrorlist.h */,
				040308FB1A3C5D2E00DC7297 /* tokeniser.cpp */,
				040308FC1A3C5D2E00DC7297 /* tokeniser.h */,
				040308FE1A3C5D4400DC7297 /* tokeniserstate.cpp */,
				040308FF1A3C5D4400DC7297 /* tokeniserstate.h */,
				042A62471A3EF51F006E8B43 /* treebuilder.cpp */,
				042A62481A3EF51F006E8B43 /* treebuilder.h */,
				042A624A1A3EF53C006E8B43 /* htmltreebuilder.cpp */,
				042A624B1A3EF53C006E8B43 /* htmltreebuilder.h */,
				042A624D1A3EF555006E8B43 /* parser.cpp */,
				042A624E1A3EF555006E8B43 /* parser.h */,
				042A62571A3F330C006E8B43 /* htmltreebuilderstate.cpp */,
				042A62581A3F330C006E8B43 /* htmltreebuilderstate.h */,
			);
			path = parser;
			sourceTree = "<group>";
		};
		0499982D1A28CD2F00DCA5BF /* selector */ = {
			isa = PBXGroup;
			children = (
			);
			path = selector;
			sourceTree = "<group>";
		};
		0499982E1A28CD2F00DCA5BF /* util */ = {
			isa = PBXGroup;
			children = (
				0486593D1A35F1D400B73500 /* stringref.h */,
				045630831A3042EF008D89A6 /* csoup_string.cpp */,
				0456307F1A30039E008D89A6 /* Allocators.cpp */,
				0499983B1A2C115100DCA5BF /* error.h */,
				0499982F1A28CD2F00DCA5BF /* allocators.h */,
				049998301A28CD2F00DCA5BF /* common.h */,
				049998311A28CD2F00DCA5BF /* encodings.h */,
				0456303A1A2E29AB008D89A6 /* csoup_string.h */,
				049998331A28CD2F00DCA5BF /* stringstream.h */,
				040308E81A39833200DC7297 /* stringbuffer.cpp */,
				040308E91A39833200DC7297 /* stringbuffer.h */,
				040308F41A3ADD2300DC7297 /* util.h */,
				04D760BC1A408B8C008CBE9E /* stringutil.cpp */,
				04D760BD1A408B8C008CBE9E /* stringutil.h */,
			);
			path = util;
			sourceTree = "<group>";
		};
/* End PBXGroup section */

/* Begin PBXNativeTarget section */
		0499981A1A28CC9D00DCA5BF /* csoup */ = {
			isa = PBXNativeTarget;
			buildConfigurationList = 049998221A28CC9D00DCA5BF /* Build configuration list for PBXNativeTarget "csoup" */;
			buildPhases = (
				049998171A28CC9D00DCA5BF /* Sources */,
				049998181A28CC9D00DCA5BF /* Frameworks */,
				049998191A28CC9D00DCA5BF /* CopyFiles */,
			);
			buildRules = (
			);
			dependencies = (
			);
			name = csoup;
			productName = csoup;
			productReference = 0499981B1A28CC9D00DCA5BF /* csoup */;
			productType = "com.apple.product-type.tool";
		};
/* End PBXNativeTarget section */

/* Begin PBXProject section */
		049998131A28CC9D00DCA5BF /* Project object */ = {
			isa = PBXProject;
			attributes = {
				LastUpgradeCheck = 0610;
				ORGANIZATIONNAME = windpls;
				TargetAttributes = {
					0499981A1A28CC9D00DCA5BF = {
						CreatedOnToolsVersion = 6.1;
					};
				};
			};
			buildConfigurationList = 049998161A28CC9D00DCA5BF /* Build configuration list for PBXProject "csoup" */;
			compatibilityVersion = "Xcode 3.2";
			developmentRegion = English;
			hasScannedForEncodings = 0;
			knownRegions = (
				en,
			);
			mainGroup = 049998121A28CC9D00DCA5BF;
			productRefGroup = 0499981C1A28CC9D00DCA5BF /* Products */;
			projectDirPath = "";
			projectRoot = "";
			targets = (
				0499981A1A28CC9D00DCA5BF /* csoup */,
			);
		};
/* End PBXProject section */

/* Begin PBXSourcesBuildPhase section */
		049998171A28CC9D00DCA5BF /* Sources */ = {
			isa = PBXSourcesBuildPhase;
			buildActionMask = 2147483647;
			files = (
				040308FA1A3B2E8800DC7297 /* parseerrorlist.cpp in Sources */,
				045630AF1A32E2DD008D89A6 /* gtest-port.cc in Sources */,
				04D760C01A415420008CBE9E /* node.cpp in Sources */,
				042A62591A3F330C006E8B43 /* htmltreebuilderstate.cpp in Sources */,
				045630841A3042EF008D89A6 /* csoup_string.cpp in Sources */,
				0486593C1A35E41A00B73500 /* vector_test.cpp in Sources */,
				042A624F1A3EF555006E8B43 /* parser.cpp in Sources */,
				048659481A387D0C00B73500 /* datanode_test.cpp in Sources */,
				040309041A3CA36200DC7297 /* entities.cpp in Sources */,
				040309001A3C5D4400DC7297 /* tokeniserstate.cpp in Sources */,
				040308F31A3AA94400DC7297 /* token.cpp in Sources */,
				040308FD1A3C5D2E00DC7297 /* tokeniser.cpp in Sources */,
				048659501A388A0F00B73500 /* textnode_test.cpp in Sources */,
				048659381A35CAB100B73500 /* attribute_test.cpp in Sources */,
				042A62561A3F1A9D006E8B43 /* document.cpp in Sources */,
				045630B11A32E2DD008D89A6 /* gtest-test-part.cc in Sources */,
				045630391A2CCFCC008D89A6 /* attribute.cpp in Sources */,
				045630821A30245C008D89A6 /* strfunc.cpp in Sources */,
				040308F71A3B2BDD00DC7297 /* parseerror.cpp in Sources */,
				0486594F1A388A0F00B73500 /* document_test.cpp in Sources */,
				042A624C1A3EF53C006E8B43 /* htmltreebuilder.cpp in Sources */,
				045630B01A32E2DD008D89A6 /* gtest-printers.cc in Sources */,
				0486593A1A35DFE700B73500 /* attributes_test.cpp in Sources */,
				04D760BE1A408B8C008CBE9E /* stringutil.cpp in Sources */,
				042A62541A3F0822006E8B43 /* list_test.cpp in Sources */,
				048659421A3745F500B73500 /* tag.cpp in Sources */,
				0486594C1A3889CA00B73500 /* comment_test.cpp in Sources */,
				045630B21A32E2DD008D89A6 /* gtest-typed-test.cc in Sources */,
				045630B31A32E2DD008D89A6 /* gtest.cc in Sources */,
				045630BA1A340026008D89A6 /* csoup_string_test.cpp in Sources */,
				042A62521A3EF572006E8B43 /* queue.cpp in Sources */,
				045630801A30039E008D89A6 /* Allocators.cpp in Sources */,
				040308EA1A39833200DC7297 /* stringbuffer.cpp in Sources */,
				048659451A37E06A00B73500 /* element_test.cpp in Sources */,
				040308F01A3A04EB00DC7297 /* characterreader.cpp in Sources */,
				045630B41A32E2DD008D89A6 /* gtest_main.cc in Sources */,
				045630AD1A32E2DD008D89A6 /* gtest-death-test.cc in Sources */,
				045630AE1A32E2DD008D89A6 /* gtest-filepath.cc in Sources */,
				042A62491A3EF520006E8B43 /* treebuilder.cpp in Sources */,
			);
			runOnlyForDeploymentPostprocessing = 0;
		};
/* End PBXSourcesBuildPhase section */

/* Begin XCBuildConfiguration section */
		049998201A28CC9D00DCA5BF /* Debug */ = {
			isa = XCBuildConfiguration;
			buildSettings = {
				ALWAYS_SEARCH_USER_PATHS = NO;
				CLANG_CXX_LANGUAGE_STANDARD = "gnu++0x";
				CLANG_CXX_LIBRARY = "libc++";
				CLANG_ENABLE_MODULES = YES;
				CLANG_ENABLE_OBJC_ARC = YES;
				CLANG_WARN_BOOL_CONVERSION = YES;
				CLANG_WARN_CONSTANT_CONVERSION = YES;
				CLANG_WARN_DIRECT_OBJC_ISA_USAGE = YES_ERROR;
				CLANG_WARN_EMPTY_BODY = YES;
				CLANG_WARN_ENUM_CONVERSION = YES;
				CLANG_WARN_INT_CONVERSION = YES;
				CLANG_WARN_OBJC_ROOT_CLASS = YES_ERROR;
				CLANG_WARN_UNREACHABLE_CODE = YES;
				CLANG_WARN__DUPLICATE_METHOD_MATCH = YES;
				COPY_PHASE_STRIP = NO;
				ENABLE_STRICT_OBJC_MSGSEND = YES;
				GCC_C_LANGUAGE_STANDARD = gnu99;
				GCC_DYNAMIC_NO_PIC = NO;
				GCC_OPTIMIZATION_LEVEL = 0;
				GCC_PREPROCESSOR_DEFINITIONS = (
					"DEBUG=1",
					"$(inherited)",
				);
				GCC_SYMBOLS_PRIVATE_EXTERN = NO;
				GCC_WARN_64_TO_32_BIT_CONVERSION = YES;
				GCC_WARN_ABOUT_RETURN_TYPE = YES_ERROR;
				GCC_WARN_UNDECLARED_SELECTOR = YES;
				GCC_WARN_UNINITIALIZED_AUTOS = YES_AGGRESSIVE;
				GCC_WARN_UNUSED_FUNCTION = YES;
				GCC_WARN_UNUSED_VARIABLE = YES;
				MACOSX_DEPLOYMENT_TARGET = 10.9;
				MTL_ENABLE_DEBUG_INFO = YES;
				ONLY_ACTIVE_ARCH = YES;
				SDKROOT = macosx;
			};
			name = Debug;
		};
		049998211A28CC9D00DCA5BF /* Release */ = {
			isa = XCBuildConfiguration;
			buildSettings = {
				ALWAYS_SEARCH_USER_PATHS = NO;
				CLANG_CXX_LANGUAGE_STANDARD = "gnu++0x";
				CLANG_CXX_LIBRARY = "libc++";
				CLANG_ENABLE_MODULES = YES;
				CLANG_ENABLE_OBJC_ARC = YES;
				CLANG_WARN_BOOL_CONVERSION = YES;
				CLANG_WARN_CONSTANT_CONVERSION = YES;
				CLANG_WARN_DIRECT_OBJC_ISA_USAGE = YES_ERROR;
				CLANG_WARN_EMPTY_BODY = YES;
				CLANG_WARN_ENUM_CONVERSION = YES;
				CLANG_WARN_INT_CONVERSION = YES;
				CLANG_WARN_OBJC_ROOT_CLASS = YES_ERROR;
				CLANG_WARN_UNREACHABLE_CODE = YES;
				CLANG_WARN__DUPLICATE_METHOD_MATCH = YES;
				COPY_PHASE_STRIP = YES;
				DEBUG_INFORMATION_FORMAT = "dwarf-with-dsym";
				ENABLE_NS_ASSERTIONS = NO;
				ENABLE_STRICT_OBJC_MSGSEND = YES;
				GCC_C_LANGUAGE_STANDARD = gnu99;
				GCC_WARN_64_TO_32_BIT_CONVERSION = YES;
				GCC_WARN_ABOUT_RETURN_TYPE = YES_ERROR;
				GCC_WARN_UNDECLARED_SELECTOR = YES;
				GCC_WARN_UNINITIALIZED_AUTOS = YES_AGGRESSIVE;
				GCC_WARN_UNUSED_FUNCTION = YES;
				GCC_WARN_UNUSED_VARIABLE = YES;
				MACOSX_DEPLOYMENT_TARGET = 10.9;
				MTL_ENABLE_DEBUG_INFO = NO;
				SDKROOT = macosx;
			};
			name = Release;
		};
		049998231A28CC9D00DCA5BF /* Debug */ = {
			isa = XCBuildConfiguration;
			buildSettings = {
				PRODUCT_NAME = "$(TARGET_NAME)";
				USER_HEADER_SEARCH_PATHS = "./third_party/** ./src/** ./test/**";
				"USER_HEADER_SEARCH_PATHS[arch=*]" = "./third_party/** ./src/** ./test/**";
			};
			name = Debug;
		};
		049998241A28CC9D00DCA5BF /* Release */ = {
			isa = XCBuildConfiguration;
			buildSettings = {
				PRODUCT_NAME = "$(TARGET_NAME)";
				USER_HEADER_SEARCH_PATHS = "./third_party/** ./src/** ./test/**";
			};
			name = Release;
		};
/* End XCBuildConfiguration section */

/* Begin XCConfigurationList section */
		049998161A28CC9D00DCA5BF /* Build configuration list for PBXProject "csoup" */ = {
			isa = XCConfigurationList;
			buildConfigurations = (
				049998201A28CC9D00DCA5BF /* Debug */,
				049998211A28CC9D00DCA5BF /* Release */,
			);
			defaultConfigurationIsVisible = 0;
			defaultConfigurationName = Release;
		};
		049998221A28CC9D00DCA5BF /* Build configuration list for PBXNativeTarget "csoup" */ = {
			isa = XCConfigurationList;
			buildConfigurations = (
				049998231A28CC9D00DCA5BF /* Debug */,
				049998241A28CC9D00DCA5BF /* Release */,
			);
			defaultConfigurationIsVisible = 0;
			defaultConfigurationName = Release;
		};
/* End XCConfigurationList section */
	};
	rootObject = 049998131A28CC9D00DCA5BF /* Project object */;
}
